# @generated - this file is auto-generated by `mise lock` https://mise.jdx.dev/dev-tools/mise-lock.html

[[tools."github:Huruikagi/specbind"]]
version = "1.2.0"
backend = "github:Huruikagi/specbind"

[tools."github:Huruikagi/specbind"."platforms.linux-x64"]
checksum = "sha256:f20517265307b9aca88f62affe2a989b4e881bef45947ea2f5c864990ebfe957"
url = "https://github.com/Huruikagi/specbind/releases/download/v1.2.0/specbind-v1.2.0-x86_64-unknown-linux-gnu.tar.gz"
url_api = "https://api.github.com/repos/Huruikagi/specbind/releases/assets/540198581"

[tools."github:Huruikagi/specbind"."platforms.linux-x64-musl"]
checksum = "sha256:f20517265307b9aca88f62affe2a989b4e881bef45947ea2f5c864990ebfe957"
url = "https://github.com/Huruikagi/specbind/releases/download/v1.2.0/specbind-v1.2.0-x86_64-unknown-linux-gnu.tar.gz"
url_api = "https://api.github.com/repos/Huruikagi/specbind/releases/assets/540198581"

[tools."github:Huruikagi/specbind"."platforms.macos-arm64"]
checksum = "sha256:2263dd80ef6ffd6a4035f9ddc0a886ef67c746ff5ab380195ce25c0e57f1efad"
url = "https://github.com/Huruikagi/specbind/releases/download/v1.2.0/specbind-v1.2.0-aarch64-apple-darwin.tar.gz"
url_api = "https://api.github.com/repos/Huruikagi/specbind/releases/assets/540198580"

[tools."github:Huruikagi/specbind"."platforms.windows-x64"]
checksum = "sha256:282eb1abccd386e4f235eefc8b001fa5372878967ea00b14e7639e20844ee6d4"
url = "https://github.com/Huruikagi/specbind/releases/download/v1.2.0/specbind-v1.2.0-x86_64-pc-windows-msvc.zip"
url_api = "https://api.github.com/repos/Huruikagi/specbind/releases/assets/540198582"

[[tools.node]]
version = "26.5.0"
backend = "core:node"

[tools.node."platforms.linux-arm64"]
checksum = "sha256:308e5fe89a82461ba5a6cf15ff5221b2cdbd7ae87600aa72bb3c3fbdc66412d1"
url = "https://nodejs.org/dist/v26.5.0/node-v26.5.0-linux-arm64.tar.gz"

[tools.node."platforms.linux-arm64-musl"]
checksum = "sha256:1ab31aef6561191693f366cacd75bbcefa0301e49a18bc05554c21893bbdb490"
url = "https://unofficial-builds.nodejs.org/download/release/v26.5.0/node-v26.5.0-linux-arm64-musl.tar.gz"

[tools.node."platforms.linux-x64"]
checksum = "sha256:22b5f47ad6ae78837e4c2b846019965ce1a06ba143de176102294a1bf44fc677"
url = "https://nodejs.org/dist/v26.5.0/node-v26.5.0-linux-x64.tar.gz"

[tools.node."platforms.linux-x64-musl"]
checksum = "sha256:00f1398411a4216c5a6ecaad3b825a0da5ec00e79ee8c173ab65a094d97b9ad8"
url = "https://unofficial-builds.nodejs.org/download/release/v26.5.0/node-v26.5.0-linux-x64-musl.tar.gz"

[tools.node."platforms.macos-arm64"]
checksum = "sha256:ee920559aaa2391569cff4d737e3b83963430e3a14dedd91bfe0ff53171b5af9"
url = "https://nodejs.org/dist/v26.5.0/node-v26.5.0-darwin-arm64.tar.gz"

[tools.node."platforms.macos-x64"]
checksum = "sha256:98293394c945a24e64e00b4177bf075ec963ea70b34d1d2e24bd4a71716d334f"
url = "https://nodejs.org/dist/v26.5.0/node-v26.5.0-darwin-x64.tar.gz"

[tools.node."platforms.windows-x64"]
checksum = "sha256:d3b2277dbcccfdf24ef6302928f64f484cff1d77a6d3caa3a28f4d20ce9158f6"
url = "https://nodejs.org/dist/v26.5.0/node-v26.5.0-win-x64.zip"

[[tools.pnpm]]
version = "11.13.1"
backend = "aqua:pnpm/pnpm"

[tools.pnpm."platforms.linux-arm64"]
checksum = "sha256:b52db99d215ed7dc9563aed815953c62a6c1ffd7cd75803d3a07ad7e4f246aed"
url = "https://github.com/pnpm/pnpm/releases/download/v11.13.1/pnpm-linux-arm64.tar.gz"
url_api = "https://api.github.com/repos/pnpm/pnpm/releases/assets/478563983"
provenance = "github-attestations"

[tools.pnpm."platforms.linux-arm64-musl"]
checksum = "sha256:2cadd4fc815c591f498a0a84c9e74a836e3e8c1236275f6e1cfd355bae6ae957"
url = "https://github.com/pnpm/pnpm/releases/download/v11.13.1/pnpm-linux-arm64-musl.tar.gz"
url_api = "https://api.github.com/repos/pnpm/pnpm/releases/assets/478563985"
provenance = "github-attestations"

[tools.pnpm."platforms.linux-x64"]
checksum = "sha256:bd6d4b0e14536207ad76bc838f5980cecd968da15f69aae0b207380cca3f2e98"
url = "https://github.com/pnpm/pnpm/releases/download/v11.13.1/pnpm-linux-x64.tar.gz"
url_api = "https://api.github.com/repos/pnpm/pnpm/releases/assets/478563986"
provenance = "github-attestations"

[tools.pnpm."platforms.linux-x64-musl"]
checksum = "sha256:ba19690f4ed1b64f1203ade14e9216352b46232d5582468b26a0160e0c9618c5"
url = "https://github.com/pnpm/pnpm/releases/download/v11.13.1/pnpm-linux-x64-musl.tar.gz"
url_api = "https://api.github.com/repos/pnpm/pnpm/releases/assets/478563980"
provenance = "github-attestations"

[tools.pnpm."platforms.macos-arm64"]
checksum = "sha256:765c2bf04e8129cb58c0f946e324262e418370b35a203b50b1f06a0567ef8bc1"
url = "https://github.com/pnpm/pnpm/releases/download/v11.13.1/pnpm-darwin-arm64.tar.gz"
url_api = "https://api.github.com/repos/pnpm/pnpm/releases/assets/478563984"
provenance = "github-attestations"

[tools.pnpm."platforms.windows-x64"]
checksum = "sha256:d8bebbc71df2702961c1d34a5e61196bc0aa3bbde33c33253f6afa3dd4546a6d"
url = "https://github.com/pnpm/pnpm/releases/download/v11.13.1/pnpm-win32-x64.zip"
url_api = "https://api.github.com/repos/pnpm/pnpm/releases/assets/478563981"
provenance = "github-attestations"
